
Microsoft Visual Studio Solution File, Format Version 12.00
# Visual Studio Version 17
VisualStudioVersion = 17.11.35327.3
MinimumVisualStudioVersion = 10.0.40219.1
Project("{FAE04EC0-301F-11D3-BF4B-00C04F79EFBC}") = "SDAM2_Assignment", "SDAM2_Assignment\SDAM2_Assignment.csproj", "{813549A5-3C2B-4695-86E2-9B28B99FA1EE}"
EndProject
Global
	GlobalSection(SolutionConfigurationPlatforms) = preSolution
		Debug|Any CPU = Debug|Any CPU
		Release|Any CPU = Release|Any CPU
	EndGlobalSection
	GlobalSection(ProjectConfigurationPlatforms) = postSolution
		{813549A5-3C2B-4695-86E2-9B28B99FA1EE}.Debug|Any CPU.ActiveCfg = Debug|Any CPU
		{813549A5-3C2B-4695-86E2-9B28B99FA1EE}.Debug|Any CPU.Build.0 = Debug|Any CPU
		{813549A5-3C2B-4695-86E2-9B28B99FA1EE}.Release|Any CPU.ActiveCfg = Release|Any CPU
		{813549A5-3C2B-4695-86E2-9B28B99FA1EE}.Release|Any CPU.Build.0 = Release|Any CPU
	EndGlobalSection
	GlobalSection(SolutionProperties) = preSolution
		HideSolutionNode = FALSE
	EndGlobalSection
	GlobalSection(ExtensibilityGlobals) = postSolution
		SolutionGuid = {BC396FFD-6F76-4EB7-9F46-E3C97B20B2EC}
	EndGlobalSection
EndGlobal
